# This file is generated by running "yarn install" inside your project.
# Manual changes might be lost - proceed with caution!

__metadata:
  version: 6
  cacheKey: 8

"binary2npm@https://github.com/dalisoft/binary2npm#v0.4.4":
  version: 0.4.3
  resolution: "binary2npm@https://github.com/dalisoft/binary2npm.git#commit=ee4e0c76854e80728b4112a86d05cf742e03f8d3"
  dependencies:
    detect-libc: ^2.0.3
  checksum: a18a88820339bd10c66fe2c369c1ad91bf5b4058adaf0d7197486829b39571823f7fc400850327539493b150c6daf5dc4c20bf5803f7bc5eb1c728a4f9e92b72
  languageName: node
  linkType: hard

"detect-libc@npm:^2.0.3":
  version: 2.1.2
  resolution: "detect-libc@npm:2.1.2"
  checksum: 471740d52365084c4b2ae359e507b863f2b1d79b08a92835ebdf701918e08fc9cfba175b3db28483ca33b155e1311a91d69dc42c6d192b476f41a9e1f094ce6a
  languageName: node
  linkType: hard

"lefthook-darwin-arm64@npm:1.13.6":
  version: 1.13.6
  resolution: "lefthook-darwin-arm64@npm:1.13.6"
  conditions: os=darwin & cpu=arm64
  languageName: node
  linkType: hard

"lefthook-darwin-x64@npm:1.13.6":
  version: 1.13.6
  resolution: "lefthook-darwin-x64@npm:1.13.6"
  conditions: os=darwin & cpu=x64
  languageName: node
  linkType: hard

"lefthook-freebsd-arm64@npm:1.13.6":
  version: 1.13.6
  resolution: "lefthook-freebsd-arm64@npm:1.13.6"
  conditions: os=freebsd & cpu=arm64
  languageName: node
  linkType: hard

"lefthook-freebsd-x64@npm:1.13.6":
  version: 1.13.6
  resolution: "lefthook-freebsd-x64@npm:1.13.6"
  conditions: os=freebsd & cpu=x64
  languageName: node
  linkType: hard

"lefthook-linux-arm64@npm:1.13.6":
  version: 1.13.6
  resolution: "lefthook-linux-arm64@npm:1.13.6"
  conditions: os=linux & cpu=arm64
  languageName: node
  linkType: hard

"lefthook-linux-x64@npm:1.13.6":
  version: 1.13.6
  resolution: "lefthook-linux-x64@npm:1.13.6"
  conditions: os=linux & cpu=x64
  languageName: node
  linkType: hard

"lefthook-openbsd-arm64@npm:1.13.6":
  version: 1.13.6
  resolution: "lefthook-openbsd-arm64@npm:1.13.6"
  conditions: os=openbsd & cpu=arm64
  languageName: node
  linkType: hard

"lefthook-openbsd-x64@npm:1.13.6":
  version: 1.13.6
  resolution: "lefthook-openbsd-x64@npm:1.13.6"
  conditions: os=openbsd & cpu=x64
  languageName: node
  linkType: hard

"lefthook-windows-arm64@npm:1.13.6":
  version: 1.13.6
  resolution: "lefthook-windows-arm64@npm:1.13.6"
  conditions: os=win32 & cpu=arm64
  languageName: node
  linkType: hard

"lefthook-windows-x64@npm:1.13.6":
  version: 1.13.6
  resolution: "lefthook-windows-x64@npm:1.13.6"
  conditions: os=win32 & cpu=x64
  languageName: node
  linkType: hard

"lefthook@npm:^1.6.16":
  version: 1.13.6
  resolution: "lefthook@npm:1.13.6"
  dependencies:
    lefthook-darwin-arm64: 1.13.6
    lefthook-darwin-x64: 1.13.6
    lefthook-freebsd-arm64: 1.13.6
    lefthook-freebsd-x64: 1.13.6
    lefthook-linux-arm64: 1.13.6
    lefthook-linux-x64: 1.13.6
    lefthook-openbsd-arm64: 1.13.6
    lefthook-openbsd-x64: 1.13.6
    lefthook-windows-arm64: 1.13.6
    lefthook-windows-x64: 1.13.6
  dependenciesMeta:
    lefthook-darwin-arm64:
      optional: true
    lefthook-darwin-x64:
      optional: true
    lefthook-freebsd-arm64:
      optional: true
    lefthook-freebsd-x64:
      optional: true
    lefthook-linux-arm64:
      optional: true
    lefthook-linux-x64:
      optional: true
    lefthook-openbsd-arm64:
      optional: true
    lefthook-openbsd-x64:
      optional: true
    lefthook-windows-arm64:
      optional: true
    lefthook-windows-x64:
      optional: true
  bin:
    lefthook: bin/index.js
  checksum: 3f84a085285e58026774228a8d84dbb812e1e4556e1766a603bf824ca73ae2fd60733b09bac44e3b8846054dcbc34a950b16c1e43f66538e2de2dcf6138237bb
  languageName: node
  linkType: hard

"prettier@npm:^3.3.2":
  version: 3.7.4
  resolution: "prettier@npm:3.7.4"
  bin:
    prettier: bin/prettier.cjs
  checksum: 955e37e87b1151ca3b3282463f5295f4c415821884791df152ff66e6eb1c5257115153cccba61b13962546100dd00ae45670ff27077dcab04c977d84036eaf80
  languageName: node
  linkType: hard

"root-workspace-0b6124@workspace:.":
  version: 0.0.0-use.local
  resolution: "root-workspace-0b6124@workspace:."
  dependencies:
    lefthook: ^1.6.16
    prettier: ^3.3.2
    typos-rs-npm: dalisoft/typos-rs-npm
  languageName: unknown
  linkType: soft

typos-rs-npm@dalisoft/typos-rs-npm:
  version: 1.34.0
  resolution: "typos-rs-npm@https://github.com/dalisoft/typos-rs-npm.git#commit=834679ffc47249d4d37da4228697e7d6baa60675"
  dependencies:
    binary2npm: "https://github.com/dalisoft/binary2npm#v0.4.4"
  bin:
    typos: ./typos
  checksum: f0f1ad27623982f426c3c7f8514992f27f690a8e44028df82f5cf888d2f785346a47e65daffa11b832eb2195c82f69bba11ae0ade432af3c217b5b78884fa974
  languageName: node
  linkType: hard
