# This file is generated by running "yarn install" inside your project.
# Manual changes might be lost - proceed with caution!

__metadata:
  version: 8
  cacheKey: 10c0

"binary2npm@https://github.com/dalisoft/binary2npm#v0.3.8":
  version: 0.3.7
  resolution: "binary2npm@git+ssh://git@github.com/dalisoft/binary2npm.git#commit=76b8dd261f75c0b672ccd29ed2b018f43fed0ddb"
  checksum: 10c0/981594c3b1e846cee268f8cf8503200425a7cb6674fb678aa20c958fb43bfe3b8db30d7254c852527645da7e102c1cd1e5e0715eb341d3bdb5099820f36012b5
  languageName: node
  linkType: hard

"lefthook-darwin-arm64@npm:1.6.16":
  version: 1.6.16
  resolution: "lefthook-darwin-arm64@npm:1.6.16"
  conditions: os=darwin & cpu=arm64
  languageName: node
  linkType: hard

"lefthook-darwin-x64@npm:1.6.16":
  version: 1.6.16
  resolution: "lefthook-darwin-x64@npm:1.6.16"
  conditions: os=darwin & cpu=x64
  languageName: node
  linkType: hard

"lefthook-freebsd-arm64@npm:1.6.16":
  version: 1.6.16
  resolution: "lefthook-freebsd-arm64@npm:1.6.16"
  conditions: os=freebsd & cpu=arm64
  languageName: node
  linkType: hard

"lefthook-freebsd-x64@npm:1.6.16":
  version: 1.6.16
  resolution: "lefthook-freebsd-x64@npm:1.6.16"
  conditions: os=freebsd & cpu=x64
  languageName: node
  linkType: hard

"lefthook-linux-arm64@npm:1.6.16":
  version: 1.6.16
  resolution: "lefthook-linux-arm64@npm:1.6.16"
  conditions: os=linux & cpu=arm64
  languageName: node
  linkType: hard

"lefthook-linux-x64@npm:1.6.16":
  version: 1.6.16
  resolution: "lefthook-linux-x64@npm:1.6.16"
  conditions: os=linux & cpu=x64
  languageName: node
  linkType: hard

"lefthook-windows-arm64@npm:1.6.16":
  version: 1.6.16
  resolution: "lefthook-windows-arm64@npm:1.6.16"
  conditions: os=win32 & cpu=arm64
  languageName: node
  linkType: hard

"lefthook-windows-x64@npm:1.6.16":
  version: 1.6.16
  resolution: "lefthook-windows-x64@npm:1.6.16"
  conditions: os=win32 & cpu=x64
  languageName: node
  linkType: hard

"lefthook@npm:^1.6.16":
  version: 1.6.16
  resolution: "lefthook@npm:1.6.16"
  dependencies:
    lefthook-darwin-arm64: "npm:1.6.16"
    lefthook-darwin-x64: "npm:1.6.16"
    lefthook-freebsd-arm64: "npm:1.6.16"
    lefthook-freebsd-x64: "npm:1.6.16"
    lefthook-linux-arm64: "npm:1.6.16"
    lefthook-linux-x64: "npm:1.6.16"
    lefthook-windows-arm64: "npm:1.6.16"
    lefthook-windows-x64: "npm:1.6.16"
  dependenciesMeta:
    lefthook-darwin-arm64:
      optional: true
    lefthook-darwin-x64:
      optional: true
    lefthook-freebsd-arm64:
      optional: true
    lefthook-freebsd-x64:
      optional: true
    lefthook-linux-arm64:
      optional: true
    lefthook-linux-x64:
      optional: true
    lefthook-windows-arm64:
      optional: true
    lefthook-windows-x64:
      optional: true
  bin:
    lefthook: bin/index.js
  checksum: 10c0/1199bff516aafd31edac387abe9978b12278aec90903764dfc54fee4487cbe2f46481bd7095ecf5554a1c8fd103686ce74797c7e3777b38a7e0776122f586df3
  languageName: node
  linkType: hard

"prettier@npm:^3.3.2":
  version: 3.3.2
  resolution: "prettier@npm:3.3.2"
  bin:
    prettier: bin/prettier.cjs
  checksum: 10c0/39ed27d17f0238da6dd6571d63026566bd790d3d0edac57c285fbab525982060c8f1e01955fe38134ab10f0951a6076da37f015db8173c02f14bc7f0803a384c
  languageName: node
  linkType: hard

"root-workspace-0b6124@workspace:.":
  version: 0.0.0-use.local
  resolution: "root-workspace-0b6124@workspace:."
  dependencies:
    lefthook: "npm:^1.6.16"
    prettier: "npm:^3.3.2"
    typos-rs-npm: dalisoft/typos-rs-npm
  languageName: unknown
  linkType: soft

typos-rs-npm@dalisoft/typos-rs-npm:
  version: 1.22.7
  resolution: "typos-rs-npm@git+ssh://git@github.com/dalisoft/typos-rs-npm.git#commit=98179e72aba777535d5d44745077885db9d00d90"
  dependencies:
    binary2npm: "https://github.com/dalisoft/binary2npm#v0.3.8"
  bin:
    typos: ./typos
  checksum: 10c0/37f34d6cf57f0f329b194fa7ee5f05ee6391acc065413d2bb3a44f2fcfd4d3edcb26427c58ff9f75503cea3ed6b95745e95cb3fe703b6d27e14ee0bbe6237d8b
  languageName: node
  linkType: hard
