# This file is automatically @generated by Cargo.
# It is not intended for manual editing.
version = 3

[[package]]
name = "atomic-polyfill"
version = "0.1.11"
source = "registry+https://github.com/rust-lang/crates.io-index"
checksum = "e3ff7eb3f316534d83a8a2c3d1674ace8a5a71198eba31e2e2b597833f699b28"
dependencies = [
 "critical-section",
]

[[package]]
name = "atomic-polyfill"
version = "1.0.3"
source = "registry+https://github.com/rust-lang/crates.io-index"
checksum = "8cf2bce30dfe09ef0bfaef228b9d414faaf7e563035494d7fe092dba54b300f4"
dependencies = [
 "critical-section",
]

[[package]]
name = "autocfg"
version = "1.1.0"
source = "registry+https://github.com/rust-lang/crates.io-index"
checksum = "d468802bab17cbc0cc575e9b053f41e72aa36bfa6b7f55e3529ffa43161b97fa"

[[package]]
name = "bare-metal"
version = "0.2.5"
source = "registry+https://github.com/rust-lang/crates.io-index"
checksum = "5deb64efa5bd81e31fcd1938615a6d98c82eafcbcd787162b6f63b91d6bac5b3"
dependencies = [
 "rustc_version 0.2.3",
]

[[package]]
name = "bit_field"
version = "0.10.2"
source = "registry+https://github.com/rust-lang/crates.io-index"
checksum = "dc827186963e592360843fb5ba4b973e145841266c1357f7180c43526f2e5b61"

[[package]]
name = "bitfield"
version = "0.13.2"
source = "registry+https://github.com/rust-lang/crates.io-index"
checksum = "46afbd2983a5d5a7bd740ccb198caf5b82f45c40c09c0eed36052d91cb92e719"

[[package]]
name = "bitflags"
version = "1.3.2"
source = "registry+https://github.com/rust-lang/crates.io-index"
checksum = "bef38d45163c2f1dde094a7dfd33ccf595c92905c8f8f4fdc18d06fb1037718a"

[[package]]
name = "bxcan"
version = "0.7.0"
source = "registry+https://github.com/rust-lang/crates.io-index"
checksum = "40ac3d0c0a542d0ab5521211f873f62706a7136df415676f676d347e5a41dd80"
dependencies = [
 "bitflags",
 "defmt",
 "embedded-hal 0.2.7",
 "nb 1.1.0",
 "vcell",
]

[[package]]
name = "byteorder"
version = "1.4.3"
source = "registry+https://github.com/rust-lang/crates.io-index"
checksum = "14c189c53d098945499cdfa7ecc63567cf3886b3332b312a5b4585d8d3a6a610"

[[package]]
name = "cfg-if"
version = "1.0.0"
source = "registry+https://github.com/rust-lang/crates.io-index"
checksum = "baf1de4339761588bc0619e3cbc0120ee582ebb74b53b4efbf79117bd2da40fd"

[[package]]
name = "cortex-m"
version = "0.7.7"
source = "registry+https://github.com/rust-lang/crates.io-index"
checksum = "8ec610d8f49840a5b376c69663b6369e71f4b34484b9b2eb29fb918d92516cb9"
dependencies = [
 "bare-metal",
 "bitfield",
 "critical-section",
 "embedded-hal 0.2.7",
 "volatile-register",
]

[[package]]
name = "cortex-m-rt"
version = "0.7.3"
source = "registry+https://github.com/rust-lang/crates.io-index"
checksum = "ee84e813d593101b1723e13ec38b6ab6abbdbaaa4546553f5395ed274079ddb1"
dependencies = [
 "cortex-m-rt-macros",
]

[[package]]
name = "cortex-m-rt-macros"
version = "0.7.0"
source = "registry+https://github.com/rust-lang/crates.io-index"
checksum = "f0f6f3e36f203cfedbc78b357fb28730aa2c6dc1ab060ee5c2405e843988d3c7"
dependencies = [
 "proc-macro2",
 "quote",
 "syn 1.0.109",
]

[[package]]
name = "critical-section"
version = "1.1.1"
source = "registry+https://github.com/rust-lang/crates.io-index"
checksum = "6548a0ad5d2549e111e1f6a11a6c2e2d00ce6a3dafe22948d67c2b443f775e52"

[[package]]
name = "darling"
version = "0.20.3"
source = "registry+https://github.com/rust-lang/crates.io-index"
checksum = "0209d94da627ab5605dcccf08bb18afa5009cfbef48d8a8b7d7bdbc79be25c5e"
dependencies = [
 "darling_core",
 "darling_macro",
]

[[package]]
name = "darling_core"
version = "0.20.3"
source = "registry+https://github.com/rust-lang/crates.io-index"
checksum = "177e3443818124b357d8e76f53be906d60937f0d3a90773a664fa63fa253e621"
dependencies = [
 "fnv",
 "ident_case",
 "proc-macro2",
 "quote",
 "strsim",
 "syn 2.0.26",
]

[[package]]
name = "darling_macro"
version = "0.20.3"
source = "registry+https://github.com/rust-lang/crates.io-index"
checksum = "836a9bbc7ad63342d6d6e7b815ccab164bc77a2d95d84bc3117a8c0d5c98e2d5"
dependencies = [
 "darling_core",
 "quote",
 "syn 2.0.26",
]

[[package]]
name = "defmt"
version = "0.3.5"
source = "registry+https://github.com/rust-lang/crates.io-index"
checksum = "a8a2d011b2fee29fb7d659b83c43fce9a2cb4df453e16d441a51448e448f3f98"
dependencies = [
 "bitflags",
 "defmt-macros",
]

[[package]]
name = "defmt-macros"
version = "0.3.6"
source = "registry+https://github.com/rust-lang/crates.io-index"
checksum = "54f0216f6c5acb5ae1a47050a6645024e6edafc2ee32d421955eccfef12ef92e"
dependencies = [
 "defmt-parser",
 "proc-macro-error",
 "proc-macro2",
 "quote",
 "syn 2.0.26",
]

[[package]]
name = "defmt-parser"
version = "0.3.3"
source = "registry+https://github.com/rust-lang/crates.io-index"
checksum = "269924c02afd7f94bc4cecbfa5c379f6ffcf9766b3408fe63d22c728654eccd0"
dependencies = [
 "thiserror",
]

[[package]]
name = "defmt-rtt"
version = "0.4.0"
source = "registry+https://github.com/rust-lang/crates.io-index"
checksum = "609923761264dd99ed9c7d209718cda4631c5fe84668e0f0960124cbb844c49f"
dependencies = [
 "critical-section",
 "defmt",
]

[[package]]
name = "embassy-async-examples"
version = "0.1.0"
dependencies = [
 "cortex-m",
 "cortex-m-rt",
 "defmt",
 "defmt-rtt",
 "embassy-executor",
 "embassy-stm32",
 "embassy-sync",
 "embassy-time",
 "embedded-hal 0.2.7",
 "futures",
 "heapless",
 "micromath",
 "panic-probe",
]

[[package]]
name = "embassy-embedded-hal"
version = "0.1.0"
source = "git+https://github.com/embassy-rs/embassy.git#758862f4b119ec3d701f8a82a623eaa838ac04a3"
dependencies = [
 "defmt",
 "embassy-futures",
 "embassy-sync",
 "embassy-time",
 "embedded-hal 0.2.7",
 "embedded-hal 1.0.0-alpha.11",
 "embedded-hal-async",
 "embedded-storage",
 "embedded-storage-async",
 "nb 1.1.0",
]

[[package]]
name = "embassy-executor"
version = "0.2.0"
source = "git+https://github.com/embassy-rs/embassy.git#cf278ea1b6ce29b7908a9f93de4cbdfd7d0dea37"
dependencies = [
 "atomic-polyfill 1.0.3",
 "cortex-m",
 "critical-section",
 "defmt",
 "embassy-macros",
 "embassy-time",
 "futures-util",
 "static_cell",
]

[[package]]
name = "embassy-futures"
version = "0.1.0"
source = "git+https://github.com/embassy-rs/embassy.git#758862f4b119ec3d701f8a82a623eaa838ac04a3"

[[package]]
name = "embassy-hal-common"
version = "0.1.0"
source = "git+https://github.com/embassy-rs/embassy.git#758862f4b119ec3d701f8a82a623eaa838ac04a3"
dependencies = [
 "cortex-m",
 "critical-section",
 "defmt",
 "num-traits",
]

[[package]]
name = "embassy-macros"
version = "0.2.0"
source = "git+https://github.com/embassy-rs/embassy.git#cf278ea1b6ce29b7908a9f93de4cbdfd7d0dea37"
dependencies = [
 "darling",
 "proc-macro2",
 "quote",
 "syn 2.0.26",
]

[[package]]
name = "embassy-net-driver"
version = "0.1.0"
source = "git+https://github.com/embassy-rs/embassy.git#758862f4b119ec3d701f8a82a623eaa838ac04a3"
dependencies = [
 "defmt",
]

[[package]]
name = "embassy-stm32"
version = "0.1.0"
source = "git+https://github.com/embassy-rs/embassy.git#758862f4b119ec3d701f8a82a623eaa838ac04a3"
dependencies = [
 "atomic-polyfill 1.0.3",
 "bit_field",
 "bxcan",
 "cfg-if",
 "cortex-m",
 "cortex-m-rt",
 "critical-section",
 "defmt",
 "embassy-embedded-hal",
 "embassy-futures",
 "embassy-hal-common",
 "embassy-net-driver",
 "embassy-sync",
 "embassy-time",
 "embassy-usb-driver",
 "embedded-hal 0.2.7",
 "embedded-hal 1.0.0-alpha.11",
 "embedded-hal-async",
 "embedded-io",
 "embedded-storage",
 "embedded-storage-async",
 "futures",
 "nb 1.1.0",
 "proc-macro2",
 "quote",
 "rand_core",
 "sdio-host",
 "seq-macro",
 "stm32-fmc",
 "stm32-metapac",
 "vcell",
]

[[package]]
name = "embassy-sync"
version = "0.2.0"
source = "git+https://github.com/embassy-rs/embassy.git#758862f4b119ec3d701f8a82a623eaa838ac04a3"
dependencies = [
 "cfg-if",
 "critical-section",
 "defmt",
 "embedded-io",
 "futures-util",
 "heapless",
]

[[package]]
name = "embassy-time"
version = "0.1.2"
source = "git+https://github.com/embassy-rs/embassy.git#758862f4b119ec3d701f8a82a623eaa838ac04a3"
dependencies = [
 "atomic-polyfill 1.0.3",
 "cfg-if",
 "critical-section",
 "defmt",
 "embedded-hal 0.2.7",
 "futures-util",
 "heapless",
]

[[package]]
name = "embassy-usb-driver"
version = "0.1.0"
source = "git+https://github.com/embassy-rs/embassy.git#758862f4b119ec3d701f8a82a623eaa838ac04a3"
dependencies = [
 "defmt",
]

[[package]]
name = "embedded-hal"
version = "0.2.7"
source = "registry+https://github.com/rust-lang/crates.io-index"
checksum = "35949884794ad573cf46071e41c9b60efb0cb311e3ca01f7af807af1debc66ff"
dependencies = [
 "nb 0.1.3",
 "void",
]

[[package]]
name = "embedded-hal"
version = "1.0.0-alpha.11"
source = "registry+https://github.com/rust-lang/crates.io-index"
checksum = "f7724ebabcadfeb15920571dd727bc8ccde8586e52f2890bdb8182fdf42c3ff2"

[[package]]
name = "embedded-hal-async"
version = "0.2.0-alpha.2"
source = "registry+https://github.com/rust-lang/crates.io-index"
checksum = "918285ec7b18edb024d4adc64f6f16cdc7c4d72eadfc85c3313d1e0ff40e0229"
dependencies = [
 "embedded-hal 1.0.0-alpha.11",
]

[[package]]
name = "embedded-io"
version = "0.4.0"
source = "registry+https://github.com/rust-lang/crates.io-index"
checksum = "ef1a6892d9eef45c8fa6b9e0086428a2cca8491aca8f787c534a3d6d0bcb3ced"
dependencies = [
 "defmt",
]

[[package]]
name = "embedded-storage"
version = "0.3.0"
source = "registry+https://github.com/rust-lang/crates.io-index"
checksum = "156d7a2fdd98ebbf9ae579cbceca3058cff946e13f8e17b90e3511db0508c723"

[[package]]
name = "embedded-storage-async"
version = "0.4.0"
source = "registry+https://github.com/rust-lang/crates.io-index"
checksum = "052997a894670d0cde873faa7405bc98e2fd29f569d2acd568561bc1c396b35a"
dependencies = [
 "embedded-storage",
]

[[package]]
name = "fnv"
version = "1.0.7"
source = "registry+https://github.com/rust-lang/crates.io-index"
checksum = "3f9eec918d3f24069decb9af1554cad7c880e2da24a9afd88aca000531ab82c1"

[[package]]
name = "futures"
version = "0.3.28"
source = "registry+https://github.com/rust-lang/crates.io-index"
checksum = "23342abe12aba583913b2e62f22225ff9c950774065e4bfb61a19cd9770fec40"
dependencies = [
 "futures-channel",
 "futures-core",
 "futures-io",
 "futures-sink",
 "futures-task",
 "futures-util",
]

[[package]]
name = "futures-channel"
version = "0.3.28"
source = "registry+https://github.com/rust-lang/crates.io-index"
checksum = "955518d47e09b25bbebc7a18df10b81f0c766eaf4c4f1cccef2fca5f2a4fb5f2"
dependencies = [
 "futures-core",
 "futures-sink",
]

[[package]]
name = "futures-core"
version = "0.3.28"
source = "registry+https://github.com/rust-lang/crates.io-index"
checksum = "4bca583b7e26f571124fe5b7561d49cb2868d79116cfa0eefce955557c6fee8c"

[[package]]
name = "futures-io"
version = "0.3.28"
source = "registry+https://github.com/rust-lang/crates.io-index"
checksum = "4fff74096e71ed47f8e023204cfd0aa1289cd54ae5430a9523be060cdb849964"

[[package]]
name = "futures-macro"
version = "0.3.28"
source = "registry+https://github.com/rust-lang/crates.io-index"
checksum = "89ca545a94061b6365f2c7355b4b32bd20df3ff95f02da9329b34ccc3bd6ee72"
dependencies = [
 "proc-macro2",
 "quote",
 "syn 2.0.26",
]

[[package]]
name = "futures-sink"
version = "0.3.28"
source = "registry+https://github.com/rust-lang/crates.io-index"
checksum = "f43be4fe21a13b9781a69afa4985b0f6ee0e1afab2c6f454a8cf30e2b2237b6e"

[[package]]
name = "futures-task"
version = "0.3.28"
source = "registry+https://github.com/rust-lang/crates.io-index"
checksum = "76d3d132be6c0e6aa1534069c705a74a5997a356c0dc2f86a47765e5617c5b65"

[[package]]
name = "futures-util"
version = "0.3.28"
source = "registry+https://github.com/rust-lang/crates.io-index"
checksum = "26b01e40b772d54cf6c6d721c1d1abd0647a0106a12ecaa1c186273392a69533"
dependencies = [
 "futures-core",
 "futures-macro",
 "futures-sink",
 "futures-task",
 "pin-project-lite",
 "pin-utils",
]

[[package]]
name = "hash32"
version = "0.2.1"
source = "registry+https://github.com/rust-lang/crates.io-index"
checksum = "b0c35f58762feb77d74ebe43bdbc3210f09be9fe6742234d573bacc26ed92b67"
dependencies = [
 "byteorder",
]

[[package]]
name = "heapless"
version = "0.7.16"
source = "registry+https://github.com/rust-lang/crates.io-index"
checksum = "db04bc24a18b9ea980628ecf00e6c0264f3c1426dac36c00cb49b6fbad8b0743"
dependencies = [
 "atomic-polyfill 0.1.11",
 "hash32",
 "rustc_version 0.4.0",
 "spin",
 "stable_deref_trait",
]

[[package]]
name = "ident_case"
version = "1.0.1"
source = "registry+https://github.com/rust-lang/crates.io-index"
checksum = "b9e0384b61958566e926dc50660321d12159025e767c18e043daf26b70104c39"

[[package]]
name = "lock_api"
version = "0.4.10"
source = "registry+https://github.com/rust-lang/crates.io-index"
checksum = "c1cc9717a20b1bb222f333e6a92fd32f7d8a18ddc5a3191a11af45dcbf4dcd16"
dependencies = [
 "autocfg",
 "scopeguard",
]

[[package]]
name = "micromath"
version = "2.0.0"
source = "registry+https://github.com/rust-lang/crates.io-index"
checksum = "39617bc909d64b068dcffd0e3e31679195b5576d0c83fadc52690268cc2b2b55"

[[package]]
name = "nb"
version = "0.1.3"
source = "registry+https://github.com/rust-lang/crates.io-index"
checksum = "801d31da0513b6ec5214e9bf433a77966320625a37860f910be265be6e18d06f"
dependencies = [
 "nb 1.1.0",
]

[[package]]
name = "nb"
version = "1.1.0"
source = "registry+https://github.com/rust-lang/crates.io-index"
checksum = "8d5439c4ad607c3c23abf66de8c8bf57ba8adcd1f129e699851a6e43935d339d"

[[package]]
name = "num-traits"
version = "0.2.15"
source = "registry+https://github.com/rust-lang/crates.io-index"
checksum = "578ede34cf02f8924ab9447f50c28075b4d3e5b269972345e7e0372b38c6cdcd"
dependencies = [
 "autocfg",
]

[[package]]
name = "panic-probe"
version = "0.3.1"
source = "registry+https://github.com/rust-lang/crates.io-index"
checksum = "aa6fa5645ef5a760cd340eaa92af9c1ce131c8c09e7f8926d8a24b59d26652b9"
dependencies = [
 "cortex-m",
 "defmt",
]

[[package]]
name = "pin-project-lite"
version = "0.2.10"
source = "registry+https://github.com/rust-lang/crates.io-index"
checksum = "4c40d25201921e5ff0c862a505c6557ea88568a4e3ace775ab55e93f2f4f9d57"

[[package]]
name = "pin-utils"
version = "0.1.0"
source = "registry+https://github.com/rust-lang/crates.io-index"
checksum = "8b870d8c151b6f2fb93e84a13146138f05d02ed11c7e7c54f8826aaaf7c9f184"

[[package]]
name = "proc-macro-error"
version = "1.0.4"
source = "registry+https://github.com/rust-lang/crates.io-index"
checksum = "da25490ff9892aab3fcf7c36f08cfb902dd3e71ca0f9f9517bea02a73a5ce38c"
dependencies = [
 "proc-macro-error-attr",
 "proc-macro2",
 "quote",
 "syn 1.0.109",
 "version_check",
]

[[package]]
name = "proc-macro-error-attr"
version = "1.0.4"
source = "registry+https://github.com/rust-lang/crates.io-index"
checksum = "a1be40180e52ecc98ad80b184934baf3d0d29f979574e439af5a55274b35f869"
dependencies = [
 "proc-macro2",
 "quote",
 "version_check",
]

[[package]]
name = "proc-macro2"
version = "1.0.65"
source = "registry+https://github.com/rust-lang/crates.io-index"
checksum = "92de25114670a878b1261c79c9f8f729fb97e95bac93f6312f583c60dd6a1dfe"
dependencies = [
 "unicode-ident",
]

[[package]]
name = "quote"
version = "1.0.30"
source = "registry+https://github.com/rust-lang/crates.io-index"
checksum = "5907a1b7c277254a8b15170f6e7c97cfa60ee7872a3217663bb81151e48184bb"
dependencies = [
 "proc-macro2",
]

[[package]]
name = "rand_core"
version = "0.6.4"
source = "registry+https://github.com/rust-lang/crates.io-index"
checksum = "ec0be4795e2f6a28069bec0b5ff3e2ac9bafc99e6a9a7dc3547996c5c816922c"

[[package]]
name = "rustc_version"
version = "0.2.3"
source = "registry+https://github.com/rust-lang/crates.io-index"
checksum = "138e3e0acb6c9fb258b19b67cb8abd63c00679d2851805ea151465464fe9030a"
dependencies = [
 "semver 0.9.0",
]

[[package]]
name = "rustc_version"
version = "0.4.0"
source = "registry+https://github.com/rust-lang/crates.io-index"
checksum = "bfa0f585226d2e68097d4f95d113b15b83a82e819ab25717ec0590d9584ef366"
dependencies = [
 "semver 1.0.17",
]

[[package]]
name = "scopeguard"
version = "1.1.0"
source = "registry+https://github.com/rust-lang/crates.io-index"
checksum = "d29ab0c6d3fc0ee92fe66e2d99f700eab17a8d57d1c1d3b748380fb20baa78cd"

[[package]]
name = "sdio-host"
version = "0.5.0"
source = "registry+https://github.com/rust-lang/crates.io-index"
checksum = "f93c025f9cfe4c388c328ece47d11a54a823da3b5ad0370b22d95ad47137f85a"

[[package]]
name = "semver"
version = "0.9.0"
source = "registry+https://github.com/rust-lang/crates.io-index"
checksum = "1d7eb9ef2c18661902cc47e535f9bc51b78acd254da71d375c2f6720d9a40403"
dependencies = [
 "semver-parser",
]

[[package]]
name = "semver"
version = "1.0.17"
source = "registry+https://github.com/rust-lang/crates.io-index"
checksum = "bebd363326d05ec3e2f532ab7660680f3b02130d780c299bca73469d521bc0ed"

[[package]]
name = "semver-parser"
version = "0.7.0"
source = "registry+https://github.com/rust-lang/crates.io-index"
checksum = "388a1df253eca08550bef6c72392cfe7c30914bf41df5269b68cbd6ff8f570a3"

[[package]]
name = "seq-macro"
version = "0.3.5"
source = "registry+https://github.com/rust-lang/crates.io-index"
checksum = "a3f0bf26fd526d2a95683cd0f87bf103b8539e2ca1ef48ce002d67aad59aa0b4"

[[package]]
name = "spin"
version = "0.9.8"
source = "registry+https://github.com/rust-lang/crates.io-index"
checksum = "6980e8d7511241f8acf4aebddbb1ff938df5eebe98691418c4468d0b72a96a67"
dependencies = [
 "lock_api",
]

[[package]]
name = "stable_deref_trait"
version = "1.2.0"
source = "registry+https://github.com/rust-lang/crates.io-index"
checksum = "a8f112729512f8e442d81f95a8a7ddf2b7c6b8a1a6f509a95864142b30cab2d3"

[[package]]
name = "static_cell"
version = "1.2.0"
source = "registry+https://github.com/rust-lang/crates.io-index"
checksum = "49cd323fc21eb534f903ee78d781d622099f9716c5b408ed23bcf39f8f1651c0"
dependencies = [
 "atomic-polyfill 1.0.3",
]

[[package]]
name = "stm32-fmc"
version = "0.2.4"
source = "registry+https://github.com/rust-lang/crates.io-index"
checksum = "cf16ee9bd5de754482883cf3eac9a49eb862baf1420f55ce408e001705e9ae74"
dependencies = [
 "embedded-hal 0.2.7",
]

[[package]]
name = "stm32-metapac"
version = "12.0.0"
source = "registry+https://github.com/rust-lang/crates.io-index"
checksum = "7a361cae600f71ad0f1ba2163eb7b7681767fa86ffac685dc5b5f14c4a93aee1"
dependencies = [
 "cortex-m",
 "cortex-m-rt",
]

[[package]]
name = "strsim"
version = "0.10.0"
source = "registry+https://github.com/rust-lang/crates.io-index"
checksum = "73473c0e59e6d5812c5dfe2a064a6444949f089e20eec9a2e5506596494e4623"

[[package]]
name = "syn"
version = "1.0.109"
source = "registry+https://github.com/rust-lang/crates.io-index"
checksum = "72b64191b275b66ffe2469e8af2c1cfe3bafa67b529ead792a6d0160888b4237"
dependencies = [
 "proc-macro2",
 "quote",
 "unicode-ident",
]

[[package]]
name = "syn"
version = "2.0.26"
source = "registry+https://github.com/rust-lang/crates.io-index"
checksum = "45c3457aacde3c65315de5031ec191ce46604304d2446e803d71ade03308d970"
dependencies = [
 "proc-macro2",
 "quote",
 "unicode-ident",
]

[[package]]
name = "thiserror"
version = "1.0.43"
source = "registry+https://github.com/rust-lang/crates.io-index"
checksum = "a35fc5b8971143ca348fa6df4f024d4d55264f3468c71ad1c2f365b0a4d58c42"
dependencies = [
 "thiserror-impl",
]

[[package]]
name = "thiserror-impl"
version = "1.0.43"
source = "registry+https://github.com/rust-lang/crates.io-index"
checksum = "463fe12d7993d3b327787537ce8dd4dfa058de32fc2b195ef3cde03dc4771e8f"
dependencies = [
 "proc-macro2",
 "quote",
 "syn 2.0.26",
]

[[package]]
name = "unicode-ident"
version = "1.0.11"
source = "registry+https://github.com/rust-lang/crates.io-index"
checksum = "301abaae475aa91687eb82514b328ab47a211a533026cb25fc3e519b86adfc3c"

[[package]]
name = "vcell"
version = "0.1.3"
source = "registry+https://github.com/rust-lang/crates.io-index"
checksum = "77439c1b53d2303b20d9459b1ade71a83c716e3f9c34f3228c00e6f185d6c002"

[[package]]
name = "version_check"
version = "0.9.4"
source = "registry+https://github.com/rust-lang/crates.io-index"
checksum = "49874b5167b65d7193b8aba1567f5c7d93d001cafc34600cee003eda787e483f"

[[package]]
name = "void"
version = "1.0.2"
source = "registry+https://github.com/rust-lang/crates.io-index"
checksum = "6a02e4885ed3bc0f2de90ea6dd45ebcbb66dacffe03547fadbb0eeae2770887d"

[[package]]
name = "volatile-register"
version = "0.2.1"
source = "registry+https://github.com/rust-lang/crates.io-index"
checksum = "9ee8f19f9d74293faf70901bc20ad067dc1ad390d2cbf1e3f75f721ffee908b6"
dependencies = [
 "vcell",
]
